
Microsoft Visual Studio Solution File, Format Version 12.00
# Visual Studio Version 16
VisualStudioVersion = 16.0.31729.503
MinimumVisualStudioVersion = 10.0.40219.1
Project("{9A19103F-16F7-4668-BE54-9A1E7A4F7556}") = "SacramentPlanner2", "SacramentPlanner2.csproj", "{B2F06074-FA17-4C57-BD00-B792484B6F71}"
EndProject
Global
	GlobalSection(SolutionConfigurationPlatforms) = preSolution
		Debug|Any CPU = Debug|Any CPU
		Release|Any CPU = Release|Any CPU
	EndGlobalSection
	GlobalSection(ProjectConfigurationPlatforms) = postSolution
		{B2F06074-FA17-4C57-BD00-B792484B6F71}.Debug|Any CPU.ActiveCfg = Debug|Any CPU
		{B2F06074-FA17-4C57-BD00-B792484B6F71}.Debug|Any CPU.Build.0 = Debug|Any CPU
		{B2F06074-FA17-4C57-BD00-B792484B6F71}.Release|Any CPU.ActiveCfg = Release|Any CPU
		{B2F06074-FA17-4C57-BD00-B792484B6F71}.Release|Any CPU.Build.0 = Release|Any CPU
	EndGlobalSection
	GlobalSection(SolutionProperties) = preSolution
		HideSolutionNode = FALSE
	EndGlobalSection
	GlobalSection(ExtensibilityGlobals) = postSolution
		SolutionGuid = {8ADA59E5-7852-4ECF-B423-9358723467F1}
	EndGlobalSection
EndGlobal
